
Microsoft Visual Studio Solution File, Format Version 12.00
# Visual Studio 2015
Project("{FAE04EC0-301F-11D3-BF4B-00C04F79EFBC}") = "tron_projet", "tron_projet.csproj", "{940F6902-2EFF-4D20-50F7-B5890ED38D0E}"
EndProject
Project("{FAE04EC0-301F-11D3-BF4B-00C04F79EFBC}") = "tron_projet.Editor", "tron_projet.Editor.csproj", "{50305136-8822-F4D0-0E61-02C7D194D081}"
EndProject
Global
	GlobalSection(SolutionConfigurationPlatforms) = preSolution
		Debug|Any CPU = Debug|Any CPU
		Release|Any CPU = Release|Any CPU
	EndGlobalSection
	GlobalSection(ProjectConfigurationPlatforms) = postSolution
		{940F6902-2EFF-4D20-50F7-B5890ED38D0E}.Debug|Any CPU.ActiveCfg = Debug|Any CPU
		{940F6902-2EFF-4D20-50F7-B5890ED38D0E}.Debug|Any CPU.Build.0 = Debug|Any CPU
		{940F6902-2EFF-4D20-50F7-B5890ED38D0E}.Release|Any CPU.ActiveCfg = Release|Any CPU
		{940F6902-2EFF-4D20-50F7-B5890ED38D0E}.Release|Any CPU.Build.0 = Release|Any CPU
		{50305136-8822-F4D0-0E61-02C7D194D081}.Debug|Any CPU.ActiveCfg = Debug|Any CPU
		{50305136-8822-F4D0-0E61-02C7D194D081}.Debug|Any CPU.Build.0 = Debug|Any CPU
		{50305136-8822-F4D0-0E61-02C7D194D081}.Release|Any CPU.ActiveCfg = Release|Any CPU
		{50305136-8822-F4D0-0E61-02C7D194D081}.Release|Any CPU.Build.0 = Release|Any CPU
	EndGlobalSection
	GlobalSection(SolutionProperties) = preSolution
		HideSolutionNode = FALSE
	EndGlobalSection
EndGlobal
